
Microsoft Visual Studio Solution File, Format Version 12.00
# Visual Studio Version 16
VisualStudioVersion = 16.0.30611.23
MinimumVisualStudioVersion = 10.0.40219.1
Project("{9A19103F-16F7-4668-BE54-9A1E7A4F7556}") = "PersonNummer", "PersonNummer\PersonNummer.csproj", "{FB298A64-9A34-46D4-80B2-80EE541AD1E2}"
EndProject
Project("{FAE04EC0-301F-11D3-BF4B-00C04F79EFBC}") = "Nivå 1", "Nivå 1\Nivå 1.csproj", "{B7C4F693-EBDE-4C50-9604-D781E50DAED7}"
EndProject
Global
	GlobalSection(SolutionConfigurationPlatforms) = preSolution
		Debug|Any CPU = Debug|Any CPU
		Release|Any CPU = Release|Any CPU
	EndGlobalSection
	GlobalSection(ProjectConfigurationPlatforms) = postSolution
		{FB298A64-9A34-46D4-80B2-80EE541AD1E2}.Debug|Any CPU.ActiveCfg = Debug|Any CPU
		{FB298A64-9A34-46D4-80B2-80EE541AD1E2}.Debug|Any CPU.Build.0 = Debug|Any CPU
		{FB298A64-9A34-46D4-80B2-80EE541AD1E2}.Release|Any CPU.ActiveCfg = Release|Any CPU
		{FB298A64-9A34-46D4-80B2-80EE541AD1E2}.Release|Any CPU.Build.0 = Release|Any CPU
		{B7C4F693-EBDE-4C50-9604-D781E50DAED7}.Debug|Any CPU.ActiveCfg = Debug|Any CPU
		{B7C4F693-EBDE-4C50-9604-D781E50DAED7}.Debug|Any CPU.Build.0 = Debug|Any CPU
		{B7C4F693-EBDE-4C50-9604-D781E50DAED7}.Release|Any CPU.ActiveCfg = Release|Any CPU
		{B7C4F693-EBDE-4C50-9604-D781E50DAED7}.Release|Any CPU.Build.0 = Release|Any CPU
	EndGlobalSection
	GlobalSection(SolutionProperties) = preSolution
		HideSolutionNode = FALSE
	EndGlobalSection
	GlobalSection(ExtensibilityGlobals) = postSolution
		SolutionGuid = {BAE3F227-6AA0-4A79-BAFA-A66BFE0BCC78}
	EndGlobalSection
EndGlobal
